github.com/agnivade/levenshtein v1.0.2 h1:xKF7WlEzoa+ZVkzBxy0ukdzI2etYiWGlTPMNTBGncKI=
github.com/agnivade/levenshtein v1.0.2/go.mod h1:JLvzGblJATanj48SD0YhHTEFGkWvw3ASLFWSiMIFXsE=
github.com/fatih/color v1.7.0 h1:DkWD4oS2D8LGGgTQ6IvwJJXSL5Vp2ffcQg58nFV38Ys=
github.com/fatih/color v1.7.0/go.mod h1:Zm6kSWBoL9eyXnKyktHP6abPY2pDugNf5KwzbycvMj4=
github.com/fsnotify/fsnotify v1.4.7 h1:IXs+QLmnXW2CcXuY+8Mzv/fWEsPGWxqefPtCP5CnV9I=
github.com/fsnotify/fsnotify v1.4.7/go.mod h1:jwhsz4b93w/PPRr/qN1Yymfu8t87LnFCMoQvtojpjFo=
github.com/jpillora/opts v0.0.0-20160806153215-3f7962811f23 h1:Oba9AG0bpHgp5FZFG+XfiNDlFX6tLO0AWCMe/YJR0GM=
github.com/jpillora/opts v0.0.0-20160806153215-3f7962811f23/go.mod h1:8/sC6XyMKHq/ybiU9Oqc1i0tDjFA/6otW7+Ha/qtnfo=
github.com/jpillora/sizestr v0.0.0-20160130011556-e2ea2fa42fb9 h1:0c9jcgBtHRtDU//jTrcCgWG6UHjMZytiq/3WhraNgUM=
github.com/jpillora/sizestr v0.0.0-20160130011556-e2ea2fa42fb9/go.mod h1:1ffp+CRe0eAwwRb0/BownUAjMBsmTLwgAvRbfj9dRwE=
github.com/kardianos/osext v0.0.0-20190222173326-2bc1f35cddc0 h1:iQTw/8FWTuc7uiaSepXwyf3o52HaUYcV+Tu66S3F5GA=
github.com/kardianos/osext v0.0.0-20190222173326-2bc1f35cddc0/go.mod h1:1NbS8ALrpOvjt0rHPNLyCIeMtbizbir8U//inJ+zuB8=
github.com/mattn/go-colorable v0.1.1 h1:G1f5SKeVxmagw/IyvzvtZE4Gybcc4Tr1tf7I8z0XgOg=
github.com/mattn/go-colorable v0.1.1/go.mod h1:FuOcm+DKB9mbwrcAfNl7/TZVBZ6rcnceauSikq3lYCQ=
github.com/mattn/go-isatty v0.0.5/go.mod h1:Iq45c/XA43vh69/j3iqttzPXn0bhXyGjM0Hdxcsrc5s=
github.com/mattn/go-isatty v0.0.7 h1:UvyT9uN+3r7yLEYSlJsbQGdsaB/a0DlgWP3pql6iwOc=
github.com/mattn/go-isatty v0.0.7/go.mod h1:Iq45c/XA43vh69/j3iqttzPXn0bhXyGjM0Hdxcsrc5s=
golang.org/x/sys v0.0.0-20190222072716-a9d3bda3a223/go.mod h1:STP8DvDyc/dI5b8T5hshtkjS+E42TnysNCUPdjciGhY=
golang.org/x/sys v0.0.0-20190419153524-e8e3143a4f4a h1:XCr/YX7O0uxRkLq2k1ApNQMims9eCioF9UpzIPBDmuo=
golang.org/x/sys v0.0.0-20190419153524-e8e3143a4f4a/go.mod h1:h1NjWce9XRLGQEsW7wpKNCjG9DtNlClVuFLEZdDNbEs=
gopkg.in/fsnotify.v1 v1.4.7 h1:xOHLXZwVvI9hhs+cLKq5+I5onOuwQLhQwiu63xxlHs4=
gopkg.in/fsnotify.v1 v1.4.7/go.mod h1:Tz8NjZHkW78fSQdbUxIjBTcgA1z1m8ZHf0WmKUhAMys=
